
Microsoft Visual Studio Solution File, Format Version 12.00
# Visual Studio Version 16
VisualStudioVersion = 16.0.32630.194
MinimumVisualStudioVersion = 10.0.40219.1
Project("{FAE04EC0-301F-11D3-BF4B-00C04F79EFBC}") = "TustaDesafio", "TustaDesafio\TustaDesafio.csproj", "{7563DCBC-510D-4FAD-A960-15E576065A71}"
EndProject
Project("{FAE04EC0-301F-11D3-BF4B-00C04F79EFBC}") = "TustaDesafioTests", "TustaDesafioTests\TustaDesafioTests.csproj", "{7B3433D7-314B-4E6E-BD08-6FE0611FA808}"
EndProject
Global
	GlobalSection(SolutionConfigurationPlatforms) = preSolution
		Debug|Any CPU = Debug|Any CPU
		Release|Any CPU = Release|Any CPU
	EndGlobalSection
	GlobalSection(ProjectConfigurationPlatforms) = postSolution
		{7563DCBC-510D-4FAD-A960-15E576065A71}.Debug|Any CPU.ActiveCfg = Debug|Any CPU
		{7563DCBC-510D-4FAD-A960-15E576065A71}.Debug|Any CPU.Build.0 = Debug|Any CPU
		{7563DCBC-510D-4FAD-A960-15E576065A71}.Release|Any CPU.ActiveCfg = Release|Any CPU
		{7563DCBC-510D-4FAD-A960-15E576065A71}.Release|Any CPU.Build.0 = Release|Any CPU
		{7B3433D7-314B-4E6E-BD08-6FE0611FA808}.Debug|Any CPU.ActiveCfg = Debug|Any CPU
		{7B3433D7-314B-4E6E-BD08-6FE0611FA808}.Debug|Any CPU.Build.0 = Debug|Any CPU
		{7B3433D7-314B-4E6E-BD08-6FE0611FA808}.Release|Any CPU.ActiveCfg = Release|Any CPU
		{7B3433D7-314B-4E6E-BD08-6FE0611FA808}.Release|Any CPU.Build.0 = Release|Any CPU
	EndGlobalSection
	GlobalSection(SolutionProperties) = preSolution
		HideSolutionNode = FALSE
	EndGlobalSection
	GlobalSection(ExtensibilityGlobals) = postSolution
		SolutionGuid = {CAF26D7D-FB74-496B-8B59-2A9CDD9E0318}
	EndGlobalSection
EndGlobal
